
Microsoft Visual Studio Solution File, Format Version 12.00
# Visual Studio 14
VisualStudioVersion = 14.0.25420.1
MinimumVisualStudioVersion = 10.0.40219.1
Project("{FAE04EC0-301F-11D3-BF4B-00C04F79EFBC}") = "PiSS", "PiSS\PiSS.csproj", "{311397D7-9B8D-4828-9C3F-838A26BD8856}"
EndProject
Project("{FAE04EC0-301F-11D3-BF4B-00C04F79EFBC}") = "Logging", "Logging\Logging.csproj", "{553D86F8-D621-43B6-AA83-64EB98544B7F}"
EndProject
Project("{FAE04EC0-301F-11D3-BF4B-00C04F79EFBC}") = "PiSS_GSM", "GSM\PiSS_GSM.csproj", "{88F062E4-5230-4302-853A-EFCAF13B8161}"
EndProject
Project("{FAE04EC0-301F-11D3-BF4B-00C04F79EFBC}") = "PiSS_DB", "PiSS_DB\PiSS_DB.csproj", "{3C884CFB-04D5-4FA9-B18D-DBF777E62178}"
EndProject
Project("{FAE04EC0-301F-11D3-BF4B-00C04F79EFBC}") = "PiSS_Sensors", "PiSS_Sensors\PiSS_Sensors.csproj", "{F5D278B8-5282-42FE-8A3B-C6F34DAD8969}"
EndProject
Project("{FAE04EC0-301F-11D3-BF4B-00C04F79EFBC}") = "RaspberryPi2_Pins", "RaspberryPi2_Pins\RaspberryPi2_Pins.csproj", "{18A9FF77-DF4A-41D0-A9EF-57D5C82A1EFF}"
EndProject
Global
	GlobalSection(SolutionConfigurationPlatforms) = preSolution
		Debug|Any CPU = Debug|Any CPU
		Release|Any CPU = Release|Any CPU
	EndGlobalSection
	GlobalSection(ProjectConfigurationPlatforms) = postSolution
		{311397D7-9B8D-4828-9C3F-838A26BD8856}.Debug|Any CPU.ActiveCfg = Debug|Any CPU
		{311397D7-9B8D-4828-9C3F-838A26BD8856}.Debug|Any CPU.Build.0 = Debug|Any CPU
		{311397D7-9B8D-4828-9C3F-838A26BD8856}.Release|Any CPU.ActiveCfg = Release|Any CPU
		{311397D7-9B8D-4828-9C3F-838A26BD8856}.Release|Any CPU.Build.0 = Release|Any CPU
		{553D86F8-D621-43B6-AA83-64EB98544B7F}.Debug|Any CPU.ActiveCfg = Debug|Any CPU
		{553D86F8-D621-43B6-AA83-64EB98544B7F}.Debug|Any CPU.Build.0 = Debug|Any CPU
		{553D86F8-D621-43B6-AA83-64EB98544B7F}.Release|Any CPU.ActiveCfg = Release|Any CPU
		{553D86F8-D621-43B6-AA83-64EB98544B7F}.Release|Any CPU.Build.0 = Release|Any CPU
		{88F062E4-5230-4302-853A-EFCAF13B8161}.Debug|Any CPU.ActiveCfg = Debug|Any CPU
		{88F062E4-5230-4302-853A-EFCAF13B8161}.Debug|Any CPU.Build.0 = Debug|Any CPU
		{88F062E4-5230-4302-853A-EFCAF13B8161}.Release|Any CPU.ActiveCfg = Release|Any CPU
		{88F062E4-5230-4302-853A-EFCAF13B8161}.Release|Any CPU.Build.0 = Release|Any CPU
		{3C884CFB-04D5-4FA9-B18D-DBF777E62178}.Debug|Any CPU.ActiveCfg = Debug|Any CPU
		{3C884CFB-04D5-4FA9-B18D-DBF777E62178}.Debug|Any CPU.Build.0 = Debug|Any CPU
		{3C884CFB-04D5-4FA9-B18D-DBF777E62178}.Release|Any CPU.ActiveCfg = Release|Any CPU
		{3C884CFB-04D5-4FA9-B18D-DBF777E62178}.Release|Any CPU.Build.0 = Release|Any CPU
		{F5D278B8-5282-42FE-8A3B-C6F34DAD8969}.Debug|Any CPU.ActiveCfg = Debug|Any CPU
		{F5D278B8-5282-42FE-8A3B-C6F34DAD8969}.Debug|Any CPU.Build.0 = Debug|Any CPU
		{F5D278B8-5282-42FE-8A3B-C6F34DAD8969}.Release|Any CPU.ActiveCfg = Release|Any CPU
		{F5D278B8-5282-42FE-8A3B-C6F34DAD8969}.Release|Any CPU.Build.0 = Release|Any CPU
		{18A9FF77-DF4A-41D0-A9EF-57D5C82A1EFF}.Debug|Any CPU.ActiveCfg = Debug|Any CPU
		{18A9FF77-DF4A-41D0-A9EF-57D5C82A1EFF}.Debug|Any CPU.Build.0 = Debug|Any CPU
		{18A9FF77-DF4A-41D0-A9EF-57D5C82A1EFF}.Release|Any CPU.ActiveCfg = Release|Any CPU
		{18A9FF77-DF4A-41D0-A9EF-57D5C82A1EFF}.Release|Any CPU.Build.0 = Release|Any CPU
	EndGlobalSection
	GlobalSection(SolutionProperties) = preSolution
		HideSolutionNode = FALSE
	EndGlobalSection
EndGlobal
